
Microsoft Visual Studio Solution File, Format Version 12.00
# Visual Studio Version 17
VisualStudioVersion = 17.12.35521.163
MinimumVisualStudioVersion = 10.0.40219.1
Project("{2150E333-8FDC-42A3-9474-1A3956D46DE8}") = "API.Services", "API.Services", "{6B0B8D19-1331-45C3-89B6-67181704C816}"
EndProject
Project("{2150E333-8FDC-42A3-9474-1A3956D46DE8}") = "FrontEnd", "FrontEnd", "{FC22FA0B-6F68-45FC-8611-2DE7351E1044}"
EndProject
Project("{FAE04EC0-301F-11D3-BF4B-00C04F79EFBC}") = "AggregationUI", "..\AggregationUI\AggregationUI.csproj", "{306ED6E6-8D1B-49E3-B8E8-1FFA5F559A4C}"
EndProject
Project("{FAE04EC0-301F-11D3-BF4B-00C04F79EFBC}") = "NewsAPI", "NewsAPI\NewsAPI.csproj", "{1454B3D1-587D-4EF7-83F8-2CADCB7764DC}"
EndProject
Project("{2150E333-8FDC-42A3-9474-1A3956D46DE8}") = "API.Aggregation", "API.Aggregation", "{27C30886-BCE4-4897-80EF-98459567ABE1}"
EndProject
Project("{FAE04EC0-301F-11D3-BF4B-00C04F79EFBC}") = "APIAggregation", "APIAggregation\APIAggregation.csproj", "{CF8EE577-2B03-4F25-95A2-1738D92C97CE}"
	ProjectSection(ProjectDependencies) = postProject
		{2C916DF2-317E-4DEB-A741-53D78EBF33BC} = {2C916DF2-317E-4DEB-A741-53D78EBF33BC}
		{93AA249D-DB31-40E1-B274-22F722190F8E} = {93AA249D-DB31-40E1-B274-22F722190F8E}
	EndProjectSection
EndProject
Project("{FAE04EC0-301F-11D3-BF4B-00C04F79EFBC}") = "WeatherAPI", "WeatherAPI\WeatherAPI.csproj", "{93AA249D-DB31-40E1-B274-22F722190F8E}"
EndProject
Project("{FAE04EC0-301F-11D3-BF4B-00C04F79EFBC}") = "SpotifyAPI", "SpotifyAPI\SpotifyAPI.csproj", "{2C916DF2-317E-4DEB-A741-53D78EBF33BC}"
EndProject
Project("{FAE04EC0-301F-11D3-BF4B-00C04F79EFBC}") = "APIAggregation.Tests", "APIAggregation.Tests\APIAggregation.Tests.csproj", "{C1256634-2DC8-48E8-A394-7249491A2A9A}"
	ProjectSection(ProjectDependencies) = postProject
		{CF8EE577-2B03-4F25-95A2-1738D92C97CE} = {CF8EE577-2B03-4F25-95A2-1738D92C97CE}
	EndProjectSection
EndProject
Global
	GlobalSection(SolutionConfigurationPlatforms) = preSolution
		Debug|Any CPU = Debug|Any CPU
		Release|Any CPU = Release|Any CPU
	EndGlobalSection
	GlobalSection(ProjectConfigurationPlatforms) = postSolution
		{306ED6E6-8D1B-49E3-B8E8-1FFA5F559A4C}.Debug|Any CPU.ActiveCfg = Debug|Any CPU
		{306ED6E6-8D1B-49E3-B8E8-1FFA5F559A4C}.Debug|Any CPU.Build.0 = Debug|Any CPU
		{306ED6E6-8D1B-49E3-B8E8-1FFA5F559A4C}.Release|Any CPU.ActiveCfg = Release|Any CPU
		{306ED6E6-8D1B-49E3-B8E8-1FFA5F559A4C}.Release|Any CPU.Build.0 = Release|Any CPU
		{1454B3D1-587D-4EF7-83F8-2CADCB7764DC}.Debug|Any CPU.ActiveCfg = Debug|Any CPU
		{1454B3D1-587D-4EF7-83F8-2CADCB7764DC}.Debug|Any CPU.Build.0 = Debug|Any CPU
		{1454B3D1-587D-4EF7-83F8-2CADCB7764DC}.Release|Any CPU.ActiveCfg = Release|Any CPU
		{1454B3D1-587D-4EF7-83F8-2CADCB7764DC}.Release|Any CPU.Build.0 = Release|Any CPU
		{CF8EE577-2B03-4F25-95A2-1738D92C97CE}.Debug|Any CPU.ActiveCfg = Debug|Any CPU
		{CF8EE577-2B03-4F25-95A2-1738D92C97CE}.Debug|Any CPU.Build.0 = Debug|Any CPU
		{CF8EE577-2B03-4F25-95A2-1738D92C97CE}.Release|Any CPU.ActiveCfg = Release|Any CPU
		{CF8EE577-2B03-4F25-95A2-1738D92C97CE}.Release|Any CPU.Build.0 = Release|Any CPU
		{93AA249D-DB31-40E1-B274-22F722190F8E}.Debug|Any CPU.ActiveCfg = Debug|Any CPU
		{93AA249D-DB31-40E1-B274-22F722190F8E}.Debug|Any CPU.Build.0 = Debug|Any CPU
		{93AA249D-DB31-40E1-B274-22F722190F8E}.Release|Any CPU.ActiveCfg = Release|Any CPU
		{93AA249D-DB31-40E1-B274-22F722190F8E}.Release|Any CPU.Build.0 = Release|Any CPU
		{2C916DF2-317E-4DEB-A741-53D78EBF33BC}.Debug|Any CPU.ActiveCfg = Debug|Any CPU
		{2C916DF2-317E-4DEB-A741-53D78EBF33BC}.Debug|Any CPU.Build.0 = Debug|Any CPU
		{2C916DF2-317E-4DEB-A741-53D78EBF33BC}.Release|Any CPU.ActiveCfg = Release|Any CPU
		{2C916DF2-317E-4DEB-A741-53D78EBF33BC}.Release|Any CPU.Build.0 = Release|Any CPU
		{C1256634-2DC8-48E8-A394-7249491A2A9A}.Debug|Any CPU.ActiveCfg = Debug|Any CPU
		{C1256634-2DC8-48E8-A394-7249491A2A9A}.Debug|Any CPU.Build.0 = Debug|Any CPU
		{C1256634-2DC8-48E8-A394-7249491A2A9A}.Release|Any CPU.ActiveCfg = Release|Any CPU
		{C1256634-2DC8-48E8-A394-7249491A2A9A}.Release|Any CPU.Build.0 = Release|Any CPU
	EndGlobalSection
	GlobalSection(SolutionProperties) = preSolution
		HideSolutionNode = FALSE
	EndGlobalSection
	GlobalSection(NestedProjects) = preSolution
		{306ED6E6-8D1B-49E3-B8E8-1FFA5F559A4C} = {FC22FA0B-6F68-45FC-8611-2DE7351E1044}
		{1454B3D1-587D-4EF7-83F8-2CADCB7764DC} = {6B0B8D19-1331-45C3-89B6-67181704C816}
		{CF8EE577-2B03-4F25-95A2-1738D92C97CE} = {27C30886-BCE4-4897-80EF-98459567ABE1}
		{93AA249D-DB31-40E1-B274-22F722190F8E} = {6B0B8D19-1331-45C3-89B6-67181704C816}
		{2C916DF2-317E-4DEB-A741-53D78EBF33BC} = {6B0B8D19-1331-45C3-89B6-67181704C816}
		{C1256634-2DC8-48E8-A394-7249491A2A9A} = {27C30886-BCE4-4897-80EF-98459567ABE1}
	EndGlobalSection
EndGlobal
